<?xml version="1.0" encoding="utf-8"?>
<Project ToolsVersion="4.0" xmlns="http://schemas.microsoft.com/developer/msbuild/2003">
  <ItemGroup>
    <Filter Include="core">
      <UniqueIdentifier>{aa116bdd-7b53-4be2-9b00-649dfb3369cf}</UniqueIdentifier>
    </Filter>
    <Filter Include="shaders">
      <UniqueIdentifier>{305231d5-103c-4e73-b170-67ca671dcf52}</UniqueIdentifier>
    </Filter>
    <Filter Include="imgui">
      <UniqueIdentifier>{28a80ee6-4c1c-49e7-bfe7-69c196adf659}</UniqueIdentifier>
    </Filter>
    <Filter Include="input">
      <UniqueIdentifier>{64377676-dfff-4cd6-9bcc-d6ac19a01ced}</UniqueIdentifier>
    </Filter>
    <Filter Include="kernels">
      <UniqueIdentifier>{5c5a76f5-e19b-408a-b991-4d146abb4812}</UniqueIdentifier>
    </Filter>
    <Filter Include="materials">
      <UniqueIdentifier>{460dc716-0866-4202-8bb1-6c09a99fa0ff}</UniqueIdentifier>
    </Filter>
    <Filter Include="render">
      <UniqueIdentifier>{bad9b160-c08d-4b99-a395-09a45f9a2a54}</UniqueIdentifier>
    </Filter>
    <Filter Include="utility">
      <UniqueIdentifier>{c684de81-19f8-436c-86ea-f9d5a4bdc282}</UniqueIdentifier>
    </Filter>
    <Filter Include="shapes">
      <UniqueIdentifier>{674aaf7c-f644-4d27-adc9-f3115734b55c}</UniqueIdentifier>
    </Filter>
    <Filter Include="gl">
      <UniqueIdentifier>{bde56fe0-eb3f-4344-a25e-526f4972fb39}</UniqueIdentifier>
    </Filter>
    <Filter Include="imguiWidgets">
      <UniqueIdentifier>{beeade05-3fe4-4c7e-937e-6ab34c112228}</UniqueIdentifier>
    </Filter>
    <Filter Include="common">
      <UniqueIdentifier>{93995380-89BD-4b04-88EB-625FBE52EBFB}</UniqueIdentifier>
      <Extensions>h;hh;hpp;hxx;h++;hm;inl;inc;ipp;xsd</Extensions>
    </Filter>
    <Filter Include="main">
      <UniqueIdentifier>{4FC737F1-C7A5-4376-A066-2A32D752A2FF}</UniqueIdentifier>
      <Extensions>cpp;c;cc;cxx;c++;cppm;ixx;def;odl;idl;hpj;bat;asm;asmx</Extensions>
    </Filter>
    <Filter Include="lights">
      <UniqueIdentifier>{a6be9334-36e6-4469-8e95-d1553321ea8c}</UniqueIdentifier>
    </Filter>
    <Filter Include="objects">
      <UniqueIdentifier>{713f3be5-d181-4fef-a65e-61f9dc30e452}</UniqueIdentifier>
    </Filter>
  </ItemGroup>
  <ItemGroup>
    <ClCompile Include="Common\imgui\imgui.cpp">
      <Filter>imgui</Filter>
    </ClCompile>
    <ClCompile Include="Common\imgui\imgui_demo.cpp">
      <Filter>imgui</Filter>
    </ClCompile>
    <ClCompile Include="Common\imgui\imgui_draw.cpp">
      <Filter>imgui</Filter>
    </ClCompile>
    <ClCompile Include="Common\imgui\imgui_impl_glfw.cpp">
      <Filter>imgui</Filter>
    </ClCompile>
    <ClCompile Include="Common\imgui\imgui_impl_opengl3.cpp">
      <Filter>imgui</Filter>
    </ClCompile>
    <ClCompile Include="Common\imgui\imgui_tables.cpp">
      <Filter>imgui</Filter>
    </ClCompile>
    <ClCompile Include="Common\imgui\imgui_widgets.cpp">
      <Filter>imgui</Filter>
    </ClCompile>
    <ClCompile Include="src\main.cpp">
      <Filter>main</Filter>
    </ClCompile>
    <ClCompile Include="src\GLutils\GLBufferObject.cpp">
      <Filter>gl</Filter>
    </ClCompile>
    <ClCompile Include="src\GLutils\GLTexture.cpp">
      <Filter>gl</Filter>
    </ClCompile>
    <ClCompile Include="src\GLutils\GLVertexArrayObject.cpp">
      <Filter>gl</Filter>
    </ClCompile>
    <ClCompile Include="src\imguiWidgets\imguiCustomWidgets.cpp">
      <Filter>imguiWidgets</Filter>
    </ClCompile>
    <ClCompile Include="src\input\KeyInput.cpp">
      <Filter>input</Filter>
    </ClCompile>
    <ClCompile Include="src\input\MouseInput.cpp">
      <Filter>input</Filter>
    </ClCompile>
    <ClCompile Include="src\render\Canvas.cpp">
      <Filter>render</Filter>
    </ClCompile>
    <ClCompile Include="src\render\WindowHandler.cpp">
      <Filter>render</Filter>
    </ClCompile>
    <ClCompile Include="Common\shader\src\shader.cpp">
      <Filter>shaders</Filter>
    </ClCompile>
    <ClCompile Include="Common\glad\src\glad.c">
      <Filter>common</Filter>
    </ClCompile>
    <ClCompile Include="src\render\tiny_obj_loader.cc">
      <Filter>main</Filter>
    </ClCompile>
    <ClCompile Include="src\render\Loader.cpp">
      <Filter>main</Filter>
    </ClCompile>
  </ItemGroup>
  <ItemGroup>
    <None Include="shaders\vertex_shader.vert">
      <Filter>shaders</Filter>
    </None>
    <None Include="shaders\fragment_shader.frag">
      <Filter>shaders</Filter>
    </None>
    <None Include="README.md" />
    <None Include="src\imgui.ini">
      <Filter>imgui</Filter>
    </None>
    <None Include="Common\GLFW\lib\glfw3.pdb">
      <Filter>common</Filter>
    </None>
  </ItemGroup>
  <ItemGroup>
    <ClInclude Include="Common\imgui\imconfig.h">
      <Filter>imgui</Filter>
    </ClInclude>
    <ClInclude Include="Common\imgui\imgui.h">
      <Filter>imgui</Filter>
    </ClInclude>
    <ClInclude Include="Common\imgui\imgui_impl_opengl3.h">
      <Filter>imgui</Filter>
    </ClInclude>
    <ClInclude Include="Common\imgui\imgui_impl_glfw.h">
      <Filter>imgui</Filter>
    </ClInclude>
    <ClInclude Include="Common\imgui\imgui_impl_opengl3_loader.h">
      <Filter>imgui</Filter>
    </ClInclude>
    <ClInclude Include="Common\imgui\imgui_internal.h">
      <Filter>imgui</Filter>
    </ClInclude>
    <ClInclude Include="Common\imgui\imstb_rectpack.h">
      <Filter>imgui</Filter>
    </ClInclude>
    <ClInclude Include="Common\imgui\imstb_textedit.h">
      <Filter>imgui</Filter>
    </ClInclude>
    <ClInclude Include="Common\imgui\imstb_truetype.h">
      <Filter>imgui</Filter>
    </ClInclude>
    <ClInclude Include="Common\GLFW\include\GLFW\glfw3.h">
      <Filter>common</Filter>
    </ClInclude>
    <ClInclude Include="Common\GLFW\include\GLFW\glfw3native.h">
      <Filter>common</Filter>
    </ClInclude>
    <ClInclude Include="Common\glad\include\KHR\khrplatform.h">
      <Filter>common</Filter>
    </ClInclude>
    <ClInclude Include="Common\glad\include\glad\glad.h">
      <Filter>common</Filter>
    </ClInclude>
    <ClInclude Include="src\GLutils\GLBufferObject.h">
      <Filter>gl</Filter>
    </ClInclude>
    <ClInclude Include="src\GLutils\GLTexture.h">
      <Filter>gl</Filter>
    </ClInclude>
    <ClInclude Include="src\GLutils\GLVertexArrayObject.h">
      <Filter>gl</Filter>
    </ClInclude>
    <ClInclude Include="src\imguiWidgets\ImguiCustomWidgets.h">
      <Filter>imguiWidgets</Filter>
    </ClInclude>
    <ClInclude Include="src\input\KeyInput.h">
      <Filter>input</Filter>
    </ClInclude>
    <ClInclude Include="src\input\MouseInput.h">
      <Filter>input</Filter>
    </ClInclude>
    <ClInclude Include="src\render\Canvas.h">
      <Filter>render</Filter>
    </ClInclude>
    <ClInclude Include="src\render\GraphicsResourceFromGL.h">
      <Filter>render</Filter>
    </ClInclude>
    <ClInclude Include="src\render\WindowHandler.h">
      <Filter>render</Filter>
    </ClInclude>
    <ClInclude Include="src\utility\Utils.h">
      <Filter>utility</Filter>
    </ClInclude>
    <ClInclude Include="Common\shader\include\shader.h">
      <Filter>shaders</Filter>
    </ClInclude>
    <ClInclude Include="src\materials\mirror.cuh">
      <Filter>materials</Filter>
    </ClInclude>
    <ClInclude Include="src\lights\pointLight.cuh">
      <Filter>lights</Filter>
    </ClInclude>
    <ClInclude Include="src\shapes\compound.cuh" />
    <ClInclude Include="src\render\tiny_obj_loader.h">
      <Filter>common</Filter>
    </ClInclude>
    <ClInclude Include="src\render\Loader.h">
      <Filter>common</Filter>
    </ClInclude>
  </ItemGroup>
  <ItemGroup>
    <CudaCompile Include="src\core\camera.cuh">
      <Filter>core</Filter>
    </CudaCompile>
    <CudaCompile Include="src\core\material.cuh">
      <Filter>core</Filter>
    </CudaCompile>
    <CudaCompile Include="src\core\ray.cuh">
      <Filter>core</Filter>
    </CudaCompile>
    <CudaCompile Include="src\core\reflection.cu">
      <Filter>core</Filter>
    </CudaCompile>
    <CudaCompile Include="src\core\reflection.cuh">
      <Filter>core</Filter>
    </CudaCompile>
    <CudaCompile Include="src\core\scene.cu">
      <Filter>core</Filter>
    </CudaCompile>
    <CudaCompile Include="src\core\scene.cuh">
      <Filter>core</Filter>
    </CudaCompile>
    <CudaCompile Include="src\core\shape.cuh">
      <Filter>core</Filter>
    </CudaCompile>
    <CudaCompile Include="src\core\surfaceInteraction.cuh">
      <Filter>core</Filter>
    </CudaCompile>
    <CudaCompile Include="src\core\geometry.cuh">
      <Filter>core</Filter>
    </CudaCompile>
    <CudaCompile Include="src\kernels\compute_ray_kernel.cuh">
      <Filter>kernels</Filter>
    </CudaCompile>
    <CudaCompile Include="src\kernels\intersection_kernel.cuh">
      <Filter>kernels</Filter>
    </CudaCompile>
    <CudaCompile Include="src\kernels\shade_kernel.cuh">
      <Filter>kernels</Filter>
    </CudaCompile>
    <CudaCompile Include="src\materials\matte.cu">
      <Filter>materials</Filter>
    </CudaCompile>
    <CudaCompile Include="src\materials\matte.cuh">
      <Filter>materials</Filter>
    </CudaCompile>
    <CudaCompile Include="src\shapes\sphere.cu">
      <Filter>shapes</Filter>
    </CudaCompile>
    <CudaCompile Include="src\shapes\sphere.cuh">
      <Filter>shapes</Filter>
    </CudaCompile>
    <CudaCompile Include="src\utility\utils.cuh">
      <Filter>utility</Filter>
    </CudaCompile>
    <CudaCompile Include="src\cudaRaytracing.cu">
      <Filter>main</Filter>
    </CudaCompile>
    <CudaCompile Include="src\cudaRaytracing.cuh">
      <Filter>main</Filter>
    </CudaCompile>
    <CudaCompile Include="src\core\transform.cu">
      <Filter>core</Filter>
    </CudaCompile>
    <CudaCompile Include="src\core\transform.cuh">
      <Filter>core</Filter>
    </CudaCompile>
    <CudaCompile Include="src\shapes\instance.cuh">
      <Filter>shapes</Filter>
    </CudaCompile>
    <CudaCompile Include="src\shapes\instance.cu">
      <Filter>shapes</Filter>
    </CudaCompile>
    <CudaCompile Include="src\materials\glass.cu">
      <Filter>materials</Filter>
    </CudaCompile>
    <CudaCompile Include="src\materials\glass.cuh">
      <Filter>materials</Filter>
    </CudaCompile>
    <CudaCompile Include="src\core\dstructs.cuh">
      <Filter>core</Filter>
    </CudaCompile>
    <CudaCompile Include="src\core\dependencies.cuh">
      <Filter>core</Filter>
    </CudaCompile>
    <CudaCompile Include="src\memory\memory.cuh">
      <Filter>core</Filter>
    </CudaCompile>
    <CudaCompile Include="src\materials\mirror.cu">
      <Filter>materials</Filter>
    </CudaCompile>
    <CudaCompile Include="src\materials\plastic.cuh">
      <Filter>materials</Filter>
    </CudaCompile>
    <CudaCompile Include="src\materials\plastic.cu">
      <Filter>materials</Filter>
    </CudaCompile>
    <CudaCompile Include="src\core\shape.cu">
      <Filter>core</Filter>
    </CudaCompile>
    <CudaCompile Include="src\core\surfaceInteraction.cu">
      <Filter>core</Filter>
    </CudaCompile>
    <CudaCompile Include="src\core\visibilityTester.cuh">
      <Filter>core</Filter>
    </CudaCompile>
    <CudaCompile Include="src\shapes\compound.cu" />
    <CudaCompile Include="src\shapes\triangle.cu">
      <Filter>shapes</Filter>
    </CudaCompile>
    <CudaCompile Include="src\shapes\triangle.cuh">
      <Filter>shapes</Filter>
    </CudaCompile>
  </ItemGroup>
  <ItemGroup>
    <Library Include="Common\GLFW\lib\glfw3.lib">
      <Filter>common</Filter>
    </Library>
  </ItemGroup>
</Project>